
Microsoft Visual Studio Solution File, Format Version 12.00
# Visual Studio 15
VisualStudioVersion = 15.0.26730.15
MinimumVisualStudioVersion = 10.0.40219.1
Project("{FAE04EC0-301F-11D3-BF4B-00C04F79EFBC}") = "ZenithWebSite", "ZenithWebSite\ZenithWebSite.csproj", "{7DD6F96C-0F82-411E-BB9C-508BAC79A6B8}"
EndProject
Global
	GlobalSection(SolutionConfigurationPlatforms) = preSolution
		Debug|Any CPU = Debug|Any CPU
		Release|Any CPU = Release|Any CPU
	EndGlobalSection
	GlobalSection(ProjectConfigurationPlatforms) = postSolution
		{7DD6F96C-0F82-411E-BB9C-508BAC79A6B8}.Debug|Any CPU.ActiveCfg = Debug|Any CPU
		{7DD6F96C-0F82-411E-BB9C-508BAC79A6B8}.Debug|Any CPU.Build.0 = Debug|Any CPU
		{7DD6F96C-0F82-411E-BB9C-508BAC79A6B8}.Release|Any CPU.ActiveCfg = Release|Any CPU
		{7DD6F96C-0F82-411E-BB9C-508BAC79A6B8}.Release|Any CPU.Build.0 = Release|Any CPU
	EndGlobalSection
	GlobalSection(SolutionProperties) = preSolution
		HideSolutionNode = FALSE
	EndGlobalSection
	GlobalSection(ExtensibilityGlobals) = postSolution
		SolutionGuid = {B68EC49F-4A2A-4292-83C7-786E61AC7E01}
	EndGlobalSection
EndGlobal
